
Microsoft Visual Studio Solution File, Format Version 12.00
# Visual Studio Version 17
VisualStudioVersion = 17.5.002.0
MinimumVisualStudioVersion = 10.0.40219.1
Project("{9A19103F-16F7-4668-BE54-9A1E7A4F7556}") = "NewTalents", "NewTalents\NewTalents.csproj", "{77EC3312-B70A-47A9-BB5D-2082527B8E11}"
EndProject
Project("{9A19103F-16F7-4668-BE54-9A1E7A4F7556}") = "NewTalentsTest", "NewTalentsTest\NewTalentsTest.csproj", "{906E2E29-857B-4492-920D-88B66320381B}"
EndProject
Global
	GlobalSection(SolutionConfigurationPlatforms) = preSolution
		Debug|Any CPU = Debug|Any CPU
		Release|Any CPU = Release|Any CPU
	EndGlobalSection
	GlobalSection(ProjectConfigurationPlatforms) = postSolution
		{77EC3312-B70A-47A9-BB5D-2082527B8E11}.Debug|Any CPU.ActiveCfg = Debug|Any CPU
		{77EC3312-B70A-47A9-BB5D-2082527B8E11}.Debug|Any CPU.Build.0 = Debug|Any CPU
		{77EC3312-B70A-47A9-BB5D-2082527B8E11}.Release|Any CPU.ActiveCfg = Release|Any CPU
		{77EC3312-B70A-47A9-BB5D-2082527B8E11}.Release|Any CPU.Build.0 = Release|Any CPU
		{906E2E29-857B-4492-920D-88B66320381B}.Debug|Any CPU.ActiveCfg = Debug|Any CPU
		{906E2E29-857B-4492-920D-88B66320381B}.Debug|Any CPU.Build.0 = Debug|Any CPU
		{906E2E29-857B-4492-920D-88B66320381B}.Release|Any CPU.ActiveCfg = Release|Any CPU
		{906E2E29-857B-4492-920D-88B66320381B}.Release|Any CPU.Build.0 = Release|Any CPU
	EndGlobalSection
	GlobalSection(SolutionProperties) = preSolution
		HideSolutionNode = FALSE
	EndGlobalSection
	GlobalSection(ExtensibilityGlobals) = postSolution
		SolutionGuid = {B5EA0C81-552F-4BB1-9539-6B8756DE9A5E}
	EndGlobalSection
EndGlobal
